
Microsoft Visual Studio Solution File, Format Version 12.00
# Visual Studio Version 17
VisualStudioVersion = 17.7.34024.191
MinimumVisualStudioVersion = 10.0.40219.1
Project("{2150E333-8FDC-42A3-9474-1A3956D46DE8}") = "src", "src", "{8A917073-D907-427A-9F5E-0ADC51A198D8}"
EndProject
Project("{9A19103F-16F7-4668-BE54-9A1E7A4F7556}") = "DeveloperQuotes", "src\DeveloperQuotes\DeveloperQuotes.csproj", "{23C99AD7-59CD-43CA-BAC3-0F0B02592E0C}"
EndProject
Project("{2150E333-8FDC-42A3-9474-1A3956D46DE8}") = "solution items", "solution items", "{AFB17DD2-24C5-4A31-A936-759A90C7DD4D}"
	ProjectSection(SolutionItems) = preProject
		.editorconfig = .editorconfig
		.gitattributes = .gitattributes
		.gitignore = .gitignore
		Directory.Build.props = Directory.Build.props
		Directory.Build.targets = Directory.Build.targets
		Directory.Packages.props = Directory.Packages.props
		.github\workflows\main_developerquotes.yml = .github\workflows\main_developerquotes.yml
		README.md = README.md
	EndProjectSection
EndProject
Global
	GlobalSection(SolutionConfigurationPlatforms) = preSolution
		Debug|Any CPU = Debug|Any CPU
		Release|Any CPU = Release|Any CPU
	EndGlobalSection
	GlobalSection(ProjectConfigurationPlatforms) = postSolution
		{23C99AD7-59CD-43CA-BAC3-0F0B02592E0C}.Debug|Any CPU.ActiveCfg = Debug|Any CPU
		{23C99AD7-59CD-43CA-BAC3-0F0B02592E0C}.Debug|Any CPU.Build.0 = Debug|Any CPU
		{23C99AD7-59CD-43CA-BAC3-0F0B02592E0C}.Release|Any CPU.ActiveCfg = Release|Any CPU
		{23C99AD7-59CD-43CA-BAC3-0F0B02592E0C}.Release|Any CPU.Build.0 = Release|Any CPU
	EndGlobalSection
	GlobalSection(SolutionProperties) = preSolution
		HideSolutionNode = FALSE
	EndGlobalSection
	GlobalSection(NestedProjects) = preSolution
		{23C99AD7-59CD-43CA-BAC3-0F0B02592E0C} = {8A917073-D907-427A-9F5E-0ADC51A198D8}
	EndGlobalSection
	GlobalSection(ExtensibilityGlobals) = postSolution
		SolutionGuid = {D7ED6CC0-CD8E-4C79-BB83-BAEBE901C469}
	EndGlobalSection
EndGlobal
